
Microsoft Visual Studio Solution File, Format Version 12.00
# Visual Studio Version 17
VisualStudioVersion = 17.14.36603.0 d17.14
MinimumVisualStudioVersion = 10.0.40219.1
Project("{FAE04EC0-301F-11D3-BF4B-00C04F79EFBC}") = "PRN232.LMS.Services", "PRN232.LMS.Services\PRN232.LMS.Services.csproj", "{1E7DCAFB-AFAC-42FB-B841-4026A09CBA2E}"
EndProject
Project("{FAE04EC0-301F-11D3-BF4B-00C04F79EFBC}") = "PRN232.LMS.Repositories", "PRN232.LMS.Repositories\PRN232.LMS.Repositories.csproj", "{40DC2B82-F0B2-4293-9DD8-77E89753E557}"
EndProject
Project("{FAE04EC0-301F-11D3-BF4B-00C04F79EFBC}") = "PRN232.LMS.API", "PRN232.LMS.API\PRN232.LMS.API.csproj", "{5162B684-270A-4272-9892-FF2CF37156D4}"
EndProject
Global
	GlobalSection(SolutionConfigurationPlatforms) = preSolution
		Debug|Any CPU = Debug|Any CPU
		Release|Any CPU = Release|Any CPU
	EndGlobalSection
	GlobalSection(ProjectConfigurationPlatforms) = postSolution
		{1E7DCAFB-AFAC-42FB-B841-4026A09CBA2E}.Debug|Any CPU.ActiveCfg = Debug|Any CPU
		{1E7DCAFB-AFAC-42FB-B841-4026A09CBA2E}.Debug|Any CPU.Build.0 = Debug|Any CPU
		{1E7DCAFB-AFAC-42FB-B841-4026A09CBA2E}.Release|Any CPU.ActiveCfg = Release|Any CPU
		{1E7DCAFB-AFAC-42FB-B841-4026A09CBA2E}.Release|Any CPU.Build.0 = Release|Any CPU
		{40DC2B82-F0B2-4293-9DD8-77E89753E557}.Debug|Any CPU.ActiveCfg = Debug|Any CPU
		{40DC2B82-F0B2-4293-9DD8-77E89753E557}.Debug|Any CPU.Build.0 = Debug|Any CPU
		{40DC2B82-F0B2-4293-9DD8-77E89753E557}.Release|Any CPU.ActiveCfg = Release|Any CPU
		{40DC2B82-F0B2-4293-9DD8-77E89753E557}.Release|Any CPU.Build.0 = Release|Any CPU
		{5162B684-270A-4272-9892-FF2CF37156D4}.Debug|Any CPU.ActiveCfg = Debug|Any CPU
		{5162B684-270A-4272-9892-FF2CF37156D4}.Debug|Any CPU.Build.0 = Debug|Any CPU
		{5162B684-270A-4272-9892-FF2CF37156D4}.Release|Any CPU.ActiveCfg = Release|Any CPU
		{5162B684-270A-4272-9892-FF2CF37156D4}.Release|Any CPU.Build.0 = Release|Any CPU
	EndGlobalSection
	GlobalSection(SolutionProperties) = preSolution
		HideSolutionNode = FALSE
	EndGlobalSection
	GlobalSection(ExtensibilityGlobals) = postSolution
		SolutionGuid = {C638A743-F34E-445D-8FF0-881F9AC77DB8}
	EndGlobalSection
EndGlobal
